// !$*UTF8*$!
{
	archiveVersion = 1;
	classes = {
	};
	objectVersion = 46;
	objects = {

/* Begin PBXBuildFile section */
		7E217E681862B673002C6ECE /* List44x44.png in Resources */ = {isa = PBXBuildFile; fileRef = 7E217E671862B673002C6ECE /* List44x44.png */; };
		7E217E6B186313E5002C6ECE /* BLHSideMenuViewController.m in Sources */ = {isa = PBXBuildFile; fileRef = 7E217E6A186313E5002C6ECE /* BLHSideMenuViewController.m */; };
		7E217E6E18631529002C6ECE /* BLHMenuViewController.m in Sources */ = {isa = PBXBuildFile; fileRef = 7E217E6D18631529002C6ECE /* BLHMenuViewController.m */; };
		7E217E7B186325DB002C6ECE /* BLHMainNavViewController.m in Sources */ = {isa = PBXBuildFile; fileRef = 7E217E7A186325DB002C6ECE /* BLHMainNavViewController.m */; };
		7E217E881864951C002C6ECE /* CircleLabelView.xib in Resources */ = {isa = PBXBuildFile; fileRef = 7E217E871864951C002C6ECE /* CircleLabelView.xib */; };
		7E217E8F1865337A002C6ECE /* BLHViewLoadHelper.m in Sources */ = {isa = PBXBuildFile; fileRef = 7E217E8E1865337A002C6ECE /* BLHViewLoadHelper.m */; };
		7E21C67318603824008B9C0D /* MessageUI.framework in Frameworks */ = {isa = PBXBuildFile; fileRef = 7E21C67218603824008B9C0D /* MessageUI.framework */; };
		7E278FFB189BEDB3002D5EBA /* BLHThreadViewController.m in Sources */ = {isa = PBXBuildFile; fileRef = 7E278FFA189BEDB3002D5EBA /* BLHThreadViewController.m */; };
		7E278FFE189C14DA002D5EBA /* ReplyToMeItem.m in Sources */ = {isa = PBXBuildFile; fileRef = 7E278FFD189C14DA002D5EBA /* ReplyToMeItem.m */; };
		7E279001189CB8EC002D5EBA /* BLHTopTenItem.m in Sources */ = {isa = PBXBuildFile; fileRef = 7E279000189CB8EC002D5EBA /* BLHTopTenItem.m */; };
		7E279007189D0A9E002D5EBA /* BLHHUDTableViewController.m in Sources */ = {isa = PBXBuildFile; fileRef = 7E279006189D0A9E002D5EBA /* BLHHUDTableViewController.m */; };
		7E279009189D132C002D5EBA /* CoreText.framework in Frameworks */ = {isa = PBXBuildFile; fileRef = 7E279008189D132C002D5EBA /* CoreText.framework */; };
		7E279011189D1435002D5EBA /* BLHContentCell.m in Sources */ = {isa = PBXBuildFile; fileRef = 7E279010189D1435002D5EBA /* BLHContentCell.m */; };
		7E279013189D1465002D5EBA /* BLHContentCell.xib in Resources */ = {isa = PBXBuildFile; fileRef = 7E279012189D1465002D5EBA /* BLHContentCell.xib */; };
		7E279016189D2714002D5EBA /* BLHContent.m in Sources */ = {isa = PBXBuildFile; fileRef = 7E279015189D2714002D5EBA /* BLHContent.m */; };
		7E279019189D2B14002D5EBA /* BLHFile.m in Sources */ = {isa = PBXBuildFile; fileRef = 7E279018189D2B14002D5EBA /* BLHFile.m */; };
		7E27901C189D2B2B002D5EBA /* BLHFileParser.m in Sources */ = {isa = PBXBuildFile; fileRef = 7E27901B189D2B2B002D5EBA /* BLHFileParser.m */; };
		7E27901F189D35DC002D5EBA /* BLHArticle.m in Sources */ = {isa = PBXBuildFile; fileRef = 7E27901E189D35DC002D5EBA /* BLHArticle.m */; };
		7E4255CC189E75E000264BC7 /* BLHBoardListViewController.m in Sources */ = {isa = PBXBuildFile; fileRef = 7E4255CB189E75E000264BC7 /* BLHBoardListViewController.m */; };
		7E4255CF189E849E00264BC7 /* BLHBoard.m in Sources */ = {isa = PBXBuildFile; fileRef = 7E4255CE189E849E00264BC7 /* BLHBoard.m */; };
		7E4255D2189F6FEE00264BC7 /* UIView+AutoLayout.m in Sources */ = {isa = PBXBuildFile; fileRef = 7E4255D1189F6FEE00264BC7 /* UIView+AutoLayout.m */; };
		7E4255D518A376FF00264BC7 /* BLHCircleView.m in Sources */ = {isa = PBXBuildFile; fileRef = 7E4255D418A376FF00264BC7 /* BLHCircleView.m */; };
		7E4255DB18A4BE8300264BC7 /* BLHThreadListViewController.m in Sources */ = {isa = PBXBuildFile; fileRef = 7E4255DA18A4BE8300264BC7 /* BLHThreadListViewController.m */; };
		7E4255DE18A52A4500264BC7 /* BLHBoardArticle.m in Sources */ = {isa = PBXBuildFile; fileRef = 7E4255DD18A52A4500264BC7 /* BLHBoardArticle.m */; };
		7E6F248C185F5C2600A8D061 /* BLHAppDelegate.m in Sources */ = {isa = PBXBuildFile; fileRef = 7E6F246F185F5C2600A8D061 /* BLHAppDelegate.m */; };
		7E6F248E185F5C2600A8D061 /* BLHMasterViewController.m in Sources */ = {isa = PBXBuildFile; fileRef = 7E6F2474185F5C2600A8D061 /* BLHMasterViewController.m */; };
		7E6F2491185F5C2600A8D061 /* main.m in Sources */ = {isa = PBXBuildFile; fileRef = 7E6F247C185F5C2600A8D061 /* main.m */; };
		7E6F2498185F5C2600A8D061 /* InfoPlist.strings in Resources */ = {isa = PBXBuildFile; fileRef = 7E6F2489185F5C2600A8D061 /* InfoPlist.strings */; };
		7E6F24A0185F5DAD00A8D061 /* MainStoryboard.storyboard in Resources */ = {isa = PBXBuildFile; fileRef = 7E6F249F185F5DAD00A8D061 /* MainStoryboard.storyboard */; };
		7E6F24A2185F5DBA00A8D061 /* Images.xcassets in Resources */ = {isa = PBXBuildFile; fileRef = 7E6F24A1185F5DBA00A8D061 /* Images.xcassets */; };
		7E6F24B3185F5E5900A8D061 /* AppIcon29x29.png in Resources */ = {isa = PBXBuildFile; fileRef = 7E6F24A3185F5E5900A8D061 /* AppIcon29x29.png */; };
		7E6F24B4185F5E5900A8D061 /* AppIcon29x29@2x.png in Resources */ = {isa = PBXBuildFile; fileRef = 7E6F24A4185F5E5900A8D061 /* AppIcon29x29@2x.png */; };
		7E6F24B5185F5E5900A8D061 /* AppIcon40x40.png in Resources */ = {isa = PBXBuildFile; fileRef = 7E6F24A5185F5E5900A8D061 /* AppIcon40x40.png */; };
		7E6F24B6185F5E5900A8D061 /* AppIcon40x40@2x.png in Resources */ = {isa = PBXBuildFile; fileRef = 7E6F24A6185F5E5900A8D061 /* AppIcon40x40@2x.png */; };
		7E6F24B7185F5E5900A8D061 /* AppIcon50x50.png in Resources */ = {isa = PBXBuildFile; fileRef = 7E6F24A7185F5E5900A8D061 /* AppIcon50x50.png */; };
		7E6F24B8185F5E5900A8D061 /* AppIcon50x50@2x.png in Resources */ = {isa = PBXBuildFile; fileRef = 7E6F24A8185F5E5900A8D061 /* AppIcon50x50@2x.png */; };
		7E6F24B9185F5E5900A8D061 /* AppIcon57x57.png in Resources */ = {isa = PBXBuildFile; fileRef = 7E6F24A9185F5E5900A8D061 /* AppIcon57x57.png */; };
		7E6F24BA185F5E5900A8D061 /* AppIcon57x57@2x.png in Resources */ = {isa = PBXBuildFile; fileRef = 7E6F24AA185F5E5900A8D061 /* AppIcon57x57@2x.png */; };
		7E6F24BB185F5E5900A8D061 /* AppIcon60x60.png in Resources */ = {isa = PBXBuildFile; fileRef = 7E6F24AB185F5E5900A8D061 /* AppIcon60x60.png */; };
		7E6F24BC185F5E5900A8D061 /* AppIcon60x60@2x.png in Resources */ = {isa = PBXBuildFile; fileRef = 7E6F24AC185F5E5900A8D061 /* AppIcon60x60@2x.png */; };
		7E6F24BD185F5E5900A8D061 /* AppIcon72x72.png in Resources */ = {isa = PBXBuildFile; fileRef = 7E6F24AD185F5E5900A8D061 /* AppIcon72x72.png */; };
		7E6F24BE185F5E5900A8D061 /* AppIcon72x72@2x.png in Resources */ = {isa = PBXBuildFile; fileRef = 7E6F24AE185F5E5900A8D061 /* AppIcon72x72@2x.png */; };
		7E6F24BF185F5E5900A8D061 /* AppIcon76x76.png in Resources */ = {isa = PBXBuildFile; fileRef = 7E6F24AF185F5E5900A8D061 /* AppIcon76x76.png */; };
		7E6F24C0185F5E5900A8D061 /* AppIcon76x76@2x.png in Resources */ = {isa = PBXBuildFile; fileRef = 7E6F24B0185F5E5900A8D061 /* AppIcon76x76@2x.png */; };
		7E6F24C1185F5E5900A8D061 /* iTunesArtwork.png in Resources */ = {isa = PBXBuildFile; fileRef = 7E6F24B1185F5E5900A8D061 /* iTunesArtwork.png */; };
		7E6F24C2185F5E5900A8D061 /* iTunesArtwork@2x.png in Resources */ = {isa = PBXBuildFile; fileRef = 7E6F24B2185F5E5900A8D061 /* iTunesArtwork@2x.png */; };
		7E6F24C4185F643300A8D061 /* QuartzCore.framework in Frameworks */ = {isa = PBXBuildFile; fileRef = 7E6F24C3185F643300A8D061 /* QuartzCore.framework */; };
		7E83B97D18AD2D3C0034DB4A /* BLHSearchDisplayController.m in Sources */ = {isa = PBXBuildFile; fileRef = 7E83B97C18AD2D3C0034DB4A /* BLHSearchDisplayController.m */; };
		7ED5BE1C1896B2AA00D7C334 /* BLHNetworkHelper.m in Sources */ = {isa = PBXBuildFile; fileRef = 7ED5BE1B1896B2AA00D7C334 /* BLHNetworkHelper.m */; };
		7ED5BE1E18994A6100D7C334 /* libxml2.dylib in Frameworks */ = {isa = PBXBuildFile; fileRef = 7ED5BE1D18994A6100D7C334 /* libxml2.dylib */; };
		7ED5BE211899500000D7C334 /* blur.png in Resources */ = {isa = PBXBuildFile; fileRef = 7ED5BE1F1899500000D7C334 /* blur.png */; };
		7ED5BE221899500000D7C334 /* galaxy.png in Resources */ = {isa = PBXBuildFile; fileRef = 7ED5BE201899500000D7C334 /* galaxy.png */; };
		7ED5BE25189A375D00D7C334 /* BLHReplyMeViewController.m in Sources */ = {isa = PBXBuildFile; fileRef = 7ED5BE24189A375D00D7C334 /* BLHReplyMeViewController.m */; };
		7ED5BE28189A700400D7C334 /* BLHTopTenParser.m in Sources */ = {isa = PBXBuildFile; fileRef = 7ED5BE27189A700400D7C334 /* BLHTopTenParser.m */; };
		7ED5BE2B189A792900D7C334 /* BLHStringExtension.m in Sources */ = {isa = PBXBuildFile; fileRef = 7ED5BE2A189A792900D7C334 /* BLHStringExtension.m */; };
		7ED5BE48189B9DB700D7C334 /* TopTenCell.xib in Resources */ = {isa = PBXBuildFile; fileRef = 7ED5BE47189B9DB700D7C334 /* TopTenCell.xib */; };
		7ED5BE4B189B9DDF00D7C334 /* BLHTopTenCell.m in Sources */ = {isa = PBXBuildFile; fileRef = 7ED5BE4A189B9DDF00D7C334 /* BLHTopTenCell.m */; };
		7ED5BE4F189BBF8900D7C334 /* BLHPaddingLabel.m in Sources */ = {isa = PBXBuildFile; fileRef = 7ED5BE4E189BBF8900D7C334 /* BLHPaddingLabel.m */; };
		7ED5BE58189BD0BD00D7C334 /* BLHColorHelper.m in Sources */ = {isa = PBXBuildFile; fileRef = 7ED5BE57189BD0BD00D7C334 /* BLHColorHelper.m */; };
		7EE3995E18962C7B0071C219 /* BLHLoginViewController.m in Sources */ = {isa = PBXBuildFile; fileRef = 7EE3995D18962C7B0071C219 /* BLHLoginViewController.m */; };
		8408FA1751D640C0B2D7EFD6 /* libPods.a in Frameworks */ = {isa = PBXBuildFile; fileRef = E5255180A0FD4D36A1677979 /* libPods.a */; };
		ED13B3E516AC1A4A00B8E8A2 /* UIKit.framework in Frameworks */ = {isa = PBXBuildFile; fileRef = ED13B3E416AC1A4A00B8E8A2 /* UIKit.framework */; };
		ED13B3E716AC1A4A00B8E8A2 /* Foundation.framework in Frameworks */ = {isa = PBXBuildFile; fileRef = ED13B3E616AC1A4A00B8E8A2 /* Foundation.framework */; };
		ED13B3E916AC1A4A00B8E8A2 /* CoreGraphics.framework in Frameworks */ = {isa = PBXBuildFile; fileRef = ED13B3E816AC1A4A00B8E8A2 /* CoreGraphics.framework */; };
		ED13B40C16AC1A4B00B8E8A2 /* SenTestingKit.framework in Frameworks */ = {isa = PBXBuildFile; fileRef = ED13B40B16AC1A4B00B8E8A2 /* SenTestingKit.framework */; };
		ED13B40D16AC1A4B00B8E8A2 /* UIKit.framework in Frameworks */ = {isa = PBXBuildFile; fileRef = ED13B3E416AC1A4A00B8E8A2 /* UIKit.framework */; };
		ED13B40E16AC1A4B00B8E8A2 /* Foundation.framework in Frameworks */ = {isa = PBXBuildFile; fileRef = ED13B3E616AC1A4A00B8E8A2 /* Foundation.framework */; };
		ED13B41616AC1A4B00B8E8A2 /* InfoPlist.strings in Resources */ = {isa = PBXBuildFile; fileRef = ED13B41416AC1A4B00B8E8A2 /* InfoPlist.strings */; };
		ED13B41916AC1A4B00B8E8A2 /* yssyTests.m in Sources */ = {isa = PBXBuildFile; fileRef = ED13B41816AC1A4B00B8E8A2 /* yssyTests.m */; };
/* End PBXBuildFile section */

/* Begin PBXContainerItemProxy section */
		ED13B40F16AC1A4B00B8E8A2 /* PBXContainerItemProxy */ = {
			isa = PBXContainerItemProxy;
			containerPortal = ED13B3D716AC1A4A00B8E8A2 /* Project object */;
			proxyType = 1;
			remoteGlobalIDString = ED13B3DF16AC1A4A00B8E8A2;
			remoteInfo = yssy;
		};
/* End PBXContainerItemProxy section */

/* Begin PBXFileReference section */
		0A28B8F1161840AD8E3A1D81 /* Pods.xcconfig */ = {isa = PBXFileReference; includeInIndex = 1; lastKnownFileType = text.xcconfig; name = Pods.xcconfig; path = Pods/Pods.xcconfig; sourceTree = "<group>"; };
		7E217E671862B673002C6ECE /* List44x44.png */ = {isa = PBXFileReference; lastKnownFileType = image.png; path = List44x44.png; sourceTree = "<group>"; };
		7E217E69186313E5002C6ECE /* BLHSideMenuViewController.h */ = {isa = PBXFileReference; fileEncoding = 4; lastKnownFileType = sourcecode.c.h; path = BLHSideMenuViewController.h; sourceTree = "<group>"; };
		7E217E6A186313E5002C6ECE /* BLHSideMenuViewController.m */ = {isa = PBXFileReference; fileEncoding = 4; lastKnownFileType = sourcecode.c.objc; path = BLHSideMenuViewController.m; sourceTree = "<group>"; };
		7E217E6C18631529002C6ECE /* BLHMenuViewController.h */ = {isa = PBXFileReference; fileEncoding = 4; lastKnownFileType = sourcecode.c.h; path = BLHMenuViewController.h; sourceTree = "<group>"; };
		7E217E6D18631529002C6ECE /* BLHMenuViewController.m */ = {isa = PBXFileReference; fileEncoding = 4; lastKnownFileType = sourcecode.c.objc; path = BLHMenuViewController.m; sourceTree = "<group>"; };
		7E217E79186325DB002C6ECE /* BLHMainNavViewController.h */ = {isa = PBXFileReference; fileEncoding = 4; lastKnownFileType = sourcecode.c.h; path = BLHMainNavViewController.h; sourceTree = "<group>"; };
		7E217E7A186325DB002C6ECE /* BLHMainNavViewController.m */ = {isa = PBXFileReference; fileEncoding = 4; lastKnownFileType = sourcecode.c.objc; path = BLHMainNavViewController.m; sourceTree = "<group>"; };
		7E217E871864951C002C6ECE /* CircleLabelView.xib */ = {isa = PBXFileReference; fileEncoding = 4; lastKnownFileType = file.xib; name = CircleLabelView.xib; path = ../Views/CircleLabelView.xib; sourceTree = "<group>"; };
		7E217E8D1865337A002C6ECE /* BLHViewLoadHelper.h */ = {isa = PBXFileReference; fileEncoding = 4; lastKnownFileType = sourcecode.c.h; path = BLHViewLoadHelper.h; sourceTree = "<group>"; };
		7E217E8E1865337A002C6ECE /* BLHViewLoadHelper.m */ = {isa = PBXFileReference; fileEncoding = 4; lastKnownFileType = sourcecode.c.objc; path = BLHViewLoadHelper.m; sourceTree = "<group>"; };
		7E21C67218603824008B9C0D /* MessageUI.framework */ = {isa = PBXFileReference; lastKnownFileType = wrapper.framework; name = MessageUI.framework; path = System/Library/Frameworks/MessageUI.framework; sourceTree = SDKROOT; };
		7E278FF9189BEDB3002D5EBA /* BLHThreadViewController.h */ = {isa = PBXFileReference; fileEncoding = 4; lastKnownFileType = sourcecode.c.h; path = BLHThreadViewController.h; sourceTree = "<group>"; };
		7E278FFA189BEDB3002D5EBA /* BLHThreadViewController.m */ = {isa = PBXFileReference; fileEncoding = 4; lastKnownFileType = sourcecode.c.objc; path = BLHThreadViewController.m; sourceTree = "<group>"; };
		7E278FFC189C14DA002D5EBA /* ReplyToMeItem.h */ = {isa = PBXFileReference; fileEncoding = 4; lastKnownFileType = sourcecode.c.h; path = ReplyToMeItem.h; sourceTree = "<group>"; };
		7E278FFD189C14DA002D5EBA /* ReplyToMeItem.m */ = {isa = PBXFileReference; fileEncoding = 4; lastKnownFileType = sourcecode.c.objc; path = ReplyToMeItem.m; sourceTree = "<group>"; };
		7E278FFF189CB8EC002D5EBA /* BLHTopTenItem.h */ = {isa = PBXFileReference; fileEncoding = 4; lastKnownFileType = sourcecode.c.h; path = BLHTopTenItem.h; sourceTree = "<group>"; };
		7E279000189CB8EC002D5EBA /* BLHTopTenItem.m */ = {isa = PBXFileReference; fileEncoding = 4; lastKnownFileType = sourcecode.c.objc; path = BLHTopTenItem.m; sourceTree = "<group>"; };
		7E279005189D0A9E002D5EBA /* BLHHUDTableViewController.h */ = {isa = PBXFileReference; fileEncoding = 4; lastKnownFileType = sourcecode.c.h; path = BLHHUDTableViewController.h; sourceTree = "<group>"; };
		7E279006189D0A9E002D5EBA /* BLHHUDTableViewController.m */ = {isa = PBXFileReference; fileEncoding = 4; lastKnownFileType = sourcecode.c.objc; path = BLHHUDTableViewController.m; sourceTree = "<group>"; };
		7E279008189D132C002D5EBA /* CoreText.framework */ = {isa = PBXFileReference; lastKnownFileType = wrapper.framework; name = CoreText.framework; path = System/Library/Frameworks/CoreText.framework; sourceTree = SDKROOT; };
		7E27900F189D1435002D5EBA /* BLHContentCell.h */ = {isa = PBXFileReference; fileEncoding = 4; lastKnownFileType = sourcecode.c.h; path = BLHContentCell.h; sourceTree = "<group>"; };
		7E279010189D1435002D5EBA /* BLHContentCell.m */ = {isa = PBXFileReference; fileEncoding = 4; lastKnownFileType = sourcecode.c.objc; path = BLHContentCell.m; sourceTree = "<group>"; };
		7E279012189D1465002D5EBA /* BLHContentCell.xib */ = {isa = PBXFileReference; fileEncoding = 4; lastKnownFileType = file.xib; path = BLHContentCell.xib; sourceTree = "<group>"; };
		7E279014189D2714002D5EBA /* BLHContent.h */ = {isa = PBXFileReference; fileEncoding = 4; lastKnownFileType = sourcecode.c.h; path = BLHContent.h; sourceTree = "<group>"; };
		7E279015189D2714002D5EBA /* BLHContent.m */ = {isa = PBXFileReference; fileEncoding = 4; lastKnownFileType = sourcecode.c.objc; path = BLHContent.m; sourceTree = "<group>"; };
		7E279017189D2B14002D5EBA /* BLHFile.h */ = {isa = PBXFileReference; fileEncoding = 4; lastKnownFileType = sourcecode.c.h; path = BLHFile.h; sourceTree = "<group>"; };
		7E279018189D2B14002D5EBA /* BLHFile.m */ = {isa = PBXFileReference; fileEncoding = 4; lastKnownFileType = sourcecode.c.objc; path = BLHFile.m; sourceTree = "<group>"; };
		7E27901A189D2B2B002D5EBA /* BLHFileParser.h */ = {isa = PBXFileReference; fileEncoding = 4; lastKnownFileType = sourcecode.c.h; path = BLHFileParser.h; sourceTree = "<group>"; };
		7E27901B189D2B2B002D5EBA /* BLHFileParser.m */ = {isa = PBXFileReference; fileEncoding = 4; lastKnownFileType = sourcecode.c.objc; path = BLHFileParser.m; sourceTree = "<group>"; };
		7E27901D189D35DC002D5EBA /* BLHArticle.h */ = {isa = PBXFileReference; fileEncoding = 4; lastKnownFileType = sourcecode.c.h; path = BLHArticle.h; sourceTree = "<group>"; };
		7E27901E189D35DC002D5EBA /* BLHArticle.m */ = {isa = PBXFileReference; fileEncoding = 4; lastKnownFileType = sourcecode.c.objc; path = BLHArticle.m; sourceTree = "<group>"; };
		7E4255CA189E75E000264BC7 /* BLHBoardListViewController.h */ = {isa = PBXFileReference; fileEncoding = 4; lastKnownFileType = sourcecode.c.h; path = BLHBoardListViewController.h; sourceTree = "<group>"; };
		7E4255CB189E75E000264BC7 /* BLHBoardListViewController.m */ = {isa = PBXFileReference; fileEncoding = 4; lastKnownFileType = sourcecode.c.objc; path = BLHBoardListViewController.m; sourceTree = "<group>"; };
		7E4255CD189E849E00264BC7 /* BLHBoard.h */ = {isa = PBXFileReference; fileEncoding = 4; lastKnownFileType = sourcecode.c.h; path = BLHBoard.h; sourceTree = "<group>"; };
		7E4255CE189E849E00264BC7 /* BLHBoard.m */ = {isa = PBXFileReference; fileEncoding = 4; lastKnownFileType = sourcecode.c.objc; path = BLHBoard.m; sourceTree = "<group>"; };
		7E4255D0189F6FEE00264BC7 /* UIView+AutoLayout.h */ = {isa = PBXFileReference; fileEncoding = 4; lastKnownFileType = sourcecode.c.h; path = "UIView+AutoLayout.h"; sourceTree = "<group>"; };
		7E4255D1189F6FEE00264BC7 /* UIView+AutoLayout.m */ = {isa = PBXFileReference; fileEncoding = 4; lastKnownFileType = sourcecode.c.objc; path = "UIView+AutoLayout.m"; sourceTree = "<group>"; };
		7E4255D318A376FF00264BC7 /* BLHCircleView.h */ = {isa = PBXFileReference; fileEncoding = 4; lastKnownFileType = sourcecode.c.h; name = BLHCircleView.h; path = Classes/Views/BLHCircleView.h; sourceTree = SOURCE_ROOT; };
		7E4255D418A376FF00264BC7 /* BLHCircleView.m */ = {isa = PBXFileReference; fileEncoding = 4; lastKnownFileType = sourcecode.c.objc; name = BLHCircleView.m; path = Classes/Views/BLHCircleView.m; sourceTree = SOURCE_ROOT; };
		7E4255D918A4BE8300264BC7 /* BLHThreadListViewController.h */ = {isa = PBXFileReference; fileEncoding = 4; lastKnownFileType = sourcecode.c.h; path = BLHThreadListViewController.h; sourceTree = "<group>"; };
		7E4255DA18A4BE8300264BC7 /* BLHThreadListViewController.m */ = {isa = PBXFileReference; fileEncoding = 4; lastKnownFileType = sourcecode.c.objc; path = BLHThreadListViewController.m; sourceTree = "<group>"; };
		7E4255DC18A52A4500264BC7 /* BLHBoardArticle.h */ = {isa = PBXFileReference; fileEncoding = 4; lastKnownFileType = sourcecode.c.h; path = BLHBoardArticle.h; sourceTree = "<group>"; };
		7E4255DD18A52A4500264BC7 /* BLHBoardArticle.m */ = {isa = PBXFileReference; fileEncoding = 4; lastKnownFileType = sourcecode.c.objc; path = BLHBoardArticle.m; sourceTree = "<group>"; };
		7E6F246E185F5C2600A8D061 /* BLHAppDelegate.h */ = {isa = PBXFileReference; fileEncoding = 4; lastKnownFileType = sourcecode.c.h; path = BLHAppDelegate.h; sourceTree = "<group>"; };
		7E6F246F185F5C2600A8D061 /* BLHAppDelegate.m */ = {isa = PBXFileReference; fileEncoding = 4; lastKnownFileType = sourcecode.c.objc; path = BLHAppDelegate.m; sourceTree = "<group>"; };
		7E6F2473185F5C2600A8D061 /* BLHMasterViewController.h */ = {isa = PBXFileReference; fileEncoding = 4; lastKnownFileType = sourcecode.c.h; path = BLHMasterViewController.h; sourceTree = "<group>"; };
		7E6F2474185F5C2600A8D061 /* BLHMasterViewController.m */ = {isa = PBXFileReference; fileEncoding = 4; lastKnownFileType = sourcecode.c.objc; path = BLHMasterViewController.m; sourceTree = "<group>"; };
		7E6F247C185F5C2600A8D061 /* main.m */ = {isa = PBXFileReference; fileEncoding = 4; lastKnownFileType = sourcecode.c.objc; path = main.m; sourceTree = "<group>"; };
		7E6F247D185F5C2600A8D061 /* yssy-Prefix.pch */ = {isa = PBXFileReference; fileEncoding = 4; lastKnownFileType = sourcecode.c.h; path = "yssy-Prefix.pch"; sourceTree = "<group>"; };
		7E6F248A185F5C2600A8D061 /* en */ = {isa = PBXFileReference; lastKnownFileType = text.plist.strings; name = en; path = en.lproj/InfoPlist.strings; sourceTree = "<group>"; };
		7E6F249F185F5DAD00A8D061 /* MainStoryboard.storyboard */ = {isa = PBXFileReference; fileEncoding = 4; lastKnownFileType = file.storyboard; path = MainStoryboard.storyboard; sourceTree = "<group>"; };
		7E6F24A1185F5DBA00A8D061 /* Images.xcassets */ = {isa = PBXFileReference; lastKnownFileType = folder.assetcatalog; name = Images.xcassets; path = "饮水思源/Images.xcassets"; sourceTree = SOURCE_ROOT; };
		7E6F24A3185F5E5900A8D061 /* AppIcon29x29.png */ = {isa = PBXFileReference; lastKnownFileType = image.png; path = AppIcon29x29.png; sourceTree = "<group>"; };
		7E6F24A4185F5E5900A8D061 /* AppIcon29x29@2x.png */ = {isa = PBXFileReference; lastKnownFileType = image.png; path = "AppIcon29x29@2x.png"; sourceTree = "<group>"; };
		7E6F24A5185F5E5900A8D061 /* AppIcon40x40.png */ = {isa = PBXFileReference; lastKnownFileType = image.png; path = AppIcon40x40.png; sourceTree = "<group>"; };
		7E6F24A6185F5E5900A8D061 /* AppIcon40x40@2x.png */ = {isa = PBXFileReference; lastKnownFileType = image.png; path = "AppIcon40x40@2x.png"; sourceTree = "<group>"; };
		7E6F24A7185F5E5900A8D061 /* AppIcon50x50.png */ = {isa = PBXFileReference; lastKnownFileType = image.png; path = AppIcon50x50.png; sourceTree = "<group>"; };
		7E6F24A8185F5E5900A8D061 /* AppIcon50x50@2x.png */ = {isa = PBXFileReference; lastKnownFileType = image.png; path = "AppIcon50x50@2x.png"; sourceTree = "<group>"; };
		7E6F24A9185F5E5900A8D061 /* AppIcon57x57.png */ = {isa = PBXFileReference; lastKnownFileType = image.png; path = AppIcon57x57.png; sourceTree = "<group>"; };
		7E6F24AA185F5E5900A8D061 /* AppIcon57x57@2x.png */ = {isa = PBXFileReference; lastKnownFileType = image.png; path = "AppIcon57x57@2x.png"; sourceTree = "<group>"; };
		7E6F24AB185F5E5900A8D061 /* AppIcon60x60.png */ = {isa = PBXFileReference; lastKnownFileType = image.png; path = AppIcon60x60.png; sourceTree = "<group>"; };
		7E6F24AC185F5E5900A8D061 /* AppIcon60x60@2x.png */ = {isa = PBXFileReference; lastKnownFileType = image.png; path = "AppIcon60x60@2x.png"; sourceTree = "<group>"; };
		7E6F24AD185F5E5900A8D061 /* AppIcon72x72.png */ = {isa = PBXFileReference; lastKnownFileType = image.png; path = AppIcon72x72.png; sourceTree = "<group>"; };
		7E6F24AE185F5E5900A8D061 /* AppIcon72x72@2x.png */ = {isa = PBXFileReference; lastKnownFileType = image.png; path = "AppIcon72x72@2x.png"; sourceTree = "<group>"; };
		7E6F24AF185F5E5900A8D061 /* AppIcon76x76.png */ = {isa = PBXFileReference; lastKnownFileType = image.png; path = AppIcon76x76.png; sourceTree = "<group>"; };
		7E6F24B0185F5E5900A8D061 /* AppIcon76x76@2x.png */ = {isa = PBXFileReference; lastKnownFileType = image.png; path = "AppIcon76x76@2x.png"; sourceTree = "<group>"; };
		7E6F24B1185F5E5900A8D061 /* iTunesArtwork.png */ = {isa = PBXFileReference; lastKnownFileType = image.png; path = iTunesArtwork.png; sourceTree = "<group>"; };
		7E6F24B2185F5E5900A8D061 /* iTunesArtwork@2x.png */ = {isa = PBXFileReference; lastKnownFileType = image.png; path = "iTunesArtwork@2x.png"; sourceTree = "<group>"; };
		7E6F24C3185F643300A8D061 /* QuartzCore.framework */ = {isa = PBXFileReference; lastKnownFileType = wrapper.framework; name = QuartzCore.framework; path = System/Library/Frameworks/QuartzCore.framework; sourceTree = SDKROOT; };
		7E6F24C5185F648D00A8D061 /* yssy-Info.plist */ = {isa = PBXFileReference; fileEncoding = 4; lastKnownFileType = text.plist.xml; path = "yssy-Info.plist"; sourceTree = SOURCE_ROOT; };
		7E83B97B18AD2D3C0034DB4A /* BLHSearchDisplayController.h */ = {isa = PBXFileReference; fileEncoding = 4; lastKnownFileType = sourcecode.c.h; path = BLHSearchDisplayController.h; sourceTree = "<group>"; };
		7E83B97C18AD2D3C0034DB4A /* BLHSearchDisplayController.m */ = {isa = PBXFileReference; fileEncoding = 4; lastKnownFileType = sourcecode.c.objc; path = BLHSearchDisplayController.m; sourceTree = "<group>"; };
		7ED5BE1A1896B2AA00D7C334 /* BLHNetworkHelper.h */ = {isa = PBXFileReference; fileEncoding = 4; lastKnownFileType = sourcecode.c.h; path = BLHNetworkHelper.h; sourceTree = "<group>"; };
		7ED5BE1B1896B2AA00D7C334 /* BLHNetworkHelper.m */ = {isa = PBXFileReference; fileEncoding = 4; lastKnownFileType = sourcecode.c.objc; path = BLHNetworkHelper.m; sourceTree = "<group>"; };
		7ED5BE1D18994A6100D7C334 /* libxml2.dylib */ = {isa = PBXFileReference; lastKnownFileType = "compiled.mach-o.dylib"; name = libxml2.dylib; path = usr/lib/libxml2.dylib; sourceTree = SDKROOT; };
		7ED5BE1F1899500000D7C334 /* blur.png */ = {isa = PBXFileReference; lastKnownFileType = image.png; path = blur.png; sourceTree = "<group>"; };
		7ED5BE201899500000D7C334 /* galaxy.png */ = {isa = PBXFileReference; lastKnownFileType = image.png; path = galaxy.png; sourceTree = "<group>"; };
		7ED5BE23189A375D00D7C334 /* BLHReplyMeViewController.h */ = {isa = PBXFileReference; fileEncoding = 4; lastKnownFileType = sourcecode.c.h; path = BLHReplyMeViewController.h; sourceTree = "<group>"; };
		7ED5BE24189A375D00D7C334 /* BLHReplyMeViewController.m */ = {isa = PBXFileReference; fileEncoding = 4; lastKnownFileType = sourcecode.c.objc; path = BLHReplyMeViewController.m; sourceTree = "<group>"; };
		7ED5BE26189A700400D7C334 /* BLHTopTenParser.h */ = {isa = PBXFileReference; fileEncoding = 4; lastKnownFileType = sourcecode.c.h; path = BLHTopTenParser.h; sourceTree = "<group>"; };
		7ED5BE27189A700400D7C334 /* BLHTopTenParser.m */ = {isa = PBXFileReference; fileEncoding = 4; lastKnownFileType = sourcecode.c.objc; path = BLHTopTenParser.m; sourceTree = "<group>"; };
		7ED5BE29189A792900D7C334 /* BLHStringExtension.h */ = {isa = PBXFileReference; fileEncoding = 4; lastKnownFileType = sourcecode.c.h; path = BLHStringExtension.h; sourceTree = "<group>"; };
		7ED5BE2A189A792900D7C334 /* BLHStringExtension.m */ = {isa = PBXFileReference; fileEncoding = 4; lastKnownFileType = sourcecode.c.objc; path = BLHStringExtension.m; sourceTree = "<group>"; };
		7ED5BE47189B9DB700D7C334 /* TopTenCell.xib */ = {isa = PBXFileReference; fileEncoding = 4; lastKnownFileType = file.xib; path = TopTenCell.xib; sourceTree = "<group>"; };
		7ED5BE49189B9DDF00D7C334 /* BLHTopTenCell.h */ = {isa = PBXFileReference; fileEncoding = 4; lastKnownFileType = sourcecode.c.h; path = BLHTopTenCell.h; sourceTree = "<group>"; };
		7ED5BE4A189B9DDF00D7C334 /* BLHTopTenCell.m */ = {isa = PBXFileReference; fileEncoding = 4; lastKnownFileType = sourcecode.c.objc; path = BLHTopTenCell.m; sourceTree = "<group>"; };
		7ED5BE4D189BBF8900D7C334 /* BLHPaddingLabel.h */ = {isa = PBXFileReference; fileEncoding = 4; lastKnownFileType = sourcecode.c.h; path = BLHPaddingLabel.h; sourceTree = "<group>"; };
		7ED5BE4E189BBF8900D7C334 /* BLHPaddingLabel.m */ = {isa = PBXFileReference; fileEncoding = 4; lastKnownFileType = sourcecode.c.objc; path = BLHPaddingLabel.m; sourceTree = "<group>"; };
		7ED5BE56189BD0BD00D7C334 /* BLHColorHelper.h */ = {isa = PBXFileReference; fileEncoding = 4; lastKnownFileType = sourcecode.c.h; path = BLHColorHelper.h; sourceTree = "<group>"; };
		7ED5BE57189BD0BD00D7C334 /* BLHColorHelper.m */ = {isa = PBXFileReference; fileEncoding = 4; lastKnownFileType = sourcecode.c.objc; path = BLHColorHelper.m; sourceTree = "<group>"; };
		7EE3995C18962C7B0071C219 /* BLHLoginViewController.h */ = {isa = PBXFileReference; fileEncoding = 4; lastKnownFileType = sourcecode.c.h; name = BLHLoginViewController.h; path = Classes/Controllers/BLHLoginViewController.h; sourceTree = SOURCE_ROOT; };
		7EE3995D18962C7B0071C219 /* BLHLoginViewController.m */ = {isa = PBXFileReference; fileEncoding = 4; lastKnownFileType = sourcecode.c.objc; name = BLHLoginViewController.m; path = Classes/Controllers/BLHLoginViewController.m; sourceTree = SOURCE_ROOT; };
		E5255180A0FD4D36A1677979 /* libPods.a */ = {isa = PBXFileReference; explicitFileType = archive.ar; includeInIndex = 0; path = libPods.a; sourceTree = BUILT_PRODUCTS_DIR; };
		ED13B3E016AC1A4A00B8E8A2 /* 饮水思源.app */ = {isa = PBXFileReference; explicitFileType = wrapper.application; includeInIndex = 0; path = "饮水思源.app"; sourceTree = BUILT_PRODUCTS_DIR; };
		ED13B3E416AC1A4A00B8E8A2 /* UIKit.framework */ = {isa = PBXFileReference; lastKnownFileType = wrapper.framework; name = UIKit.framework; path = System/Library/Frameworks/UIKit.framework; sourceTree = SDKROOT; };
		ED13B3E616AC1A4A00B8E8A2 /* Foundation.framework */ = {isa = PBXFileReference; lastKnownFileType = wrapper.framework; name = Foundation.framework; path = System/Library/Frameworks/Foundation.framework; sourceTree = SDKROOT; };
		ED13B3E816AC1A4A00B8E8A2 /* CoreGraphics.framework */ = {isa = PBXFileReference; lastKnownFileType = wrapper.framework; name = CoreGraphics.framework; path = System/Library/Frameworks/CoreGraphics.framework; sourceTree = SDKROOT; };
		ED13B40A16AC1A4B00B8E8A2 /* yssyTests.octest */ = {isa = PBXFileReference; explicitFileType = wrapper.cfbundle; includeInIndex = 0; path = yssyTests.octest; sourceTree = BUILT_PRODUCTS_DIR; };
		ED13B40B16AC1A4B00B8E8A2 /* SenTestingKit.framework */ = {isa = PBXFileReference; lastKnownFileType = wrapper.framework; name = SenTestingKit.framework; path = Library/Frameworks/SenTestingKit.framework; sourceTree = DEVELOPER_DIR; };
		ED13B41316AC1A4B00B8E8A2 /* yssyTests-Info.plist */ = {isa = PBXFileReference; lastKnownFileType = text.plist.xml; path = "yssyTests-Info.plist"; sourceTree = "<group>"; };
		ED13B41516AC1A4B00B8E8A2 /* en */ = {isa = PBXFileReference; lastKnownFileType = text.plist.strings; name = en; path = en.lproj/InfoPlist.strings; sourceTree = "<group>"; };
		ED13B41716AC1A4B00B8E8A2 /* yssyTests.h */ = {isa = PBXFileReference; lastKnownFileType = sourcecode.c.h; path = yssyTests.h; sourceTree = "<group>"; };
		ED13B41816AC1A4B00B8E8A2 /* yssyTests.m */ = {isa = PBXFileReference; lastKnownFileType = sourcecode.c.objc; path = yssyTests.m; sourceTree = "<group>"; };
/* End PBXFileReference section */

/* Begin PBXFrameworksBuildPhase section */
		ED13B3DD16AC1A4A00B8E8A2 /* Frameworks */ = {
			isa = PBXFrameworksBuildPhase;
			buildActionMask = 2147483647;
			files = (
				7E279009189D132C002D5EBA /* CoreText.framework in Frameworks */,
				7ED5BE1E18994A6100D7C334 /* libxml2.dylib in Frameworks */,
				7E21C67318603824008B9C0D /* MessageUI.framework in Frameworks */,
				7E6F24C4185F643300A8D061 /* QuartzCore.framework in Frameworks */,
				ED13B3E516AC1A4A00B8E8A2 /* UIKit.framework in Frameworks */,
				ED13B3E716AC1A4A00B8E8A2 /* Foundation.framework in Frameworks */,
				ED13B3E916AC1A4A00B8E8A2 /* CoreGraphics.framework in Frameworks */,
				8408FA1751D640C0B2D7EFD6 /* libPods.a in Frameworks */,
			);
			runOnlyForDeploymentPostprocessing = 0;
		};
		ED13B40616AC1A4B00B8E8A2 /* Frameworks */ = {
			isa = PBXFrameworksBuildPhase;
			buildActionMask = 2147483647;
			files = (
				ED13B40C16AC1A4B00B8E8A2 /* SenTestingKit.framework in Frameworks */,
				ED13B40D16AC1A4B00B8E8A2 /* UIKit.framework in Frameworks */,
				ED13B40E16AC1A4B00B8E8A2 /* Foundation.framework in Frameworks */,
			);
			runOnlyForDeploymentPostprocessing = 0;
		};
/* End PBXFrameworksBuildPhase section */

/* Begin PBXGroup section */
		7E217E891865322B002C6ECE /* CircleLabelView */ = {
			isa = PBXGroup;
			children = (
				7E4255D318A376FF00264BC7 /* BLHCircleView.h */,
				7E4255D418A376FF00264BC7 /* BLHCircleView.m */,
				7E217E871864951C002C6ECE /* CircleLabelView.xib */,
			);
			name = CircleLabelView;
			path = ../Helpers;
			sourceTree = "<group>";
		};
		7E27900E189D1402002D5EBA /* ContentCell */ = {
			isa = PBXGroup;
			children = (
				7E27900F189D1435002D5EBA /* BLHContentCell.h */,
				7E279010189D1435002D5EBA /* BLHContentCell.m */,
				7E279012189D1465002D5EBA /* BLHContentCell.xib */,
			);
			name = ContentCell;
			sourceTree = "<group>";
		};
		7E6F246C185F5C2600A8D061 /* Classes */ = {
			isa = PBXGroup;
			children = (
				7E6F249E185F5DAD00A8D061 /* Views */,
				7E6F246D185F5C2600A8D061 /* AppDelegate */,
				7E6F2470185F5C2600A8D061 /* Controllers */,
				7E6F2478185F5C2600A8D061 /* Helpers */,
				7E6F247A185F5C2600A8D061 /* Models */,
			);
			path = Classes;
			sourceTree = "<group>";
		};
		7E6F246D185F5C2600A8D061 /* AppDelegate */ = {
			isa = PBXGroup;
			children = (
				7E6F246E185F5C2600A8D061 /* BLHAppDelegate.h */,
				7E6F246F185F5C2600A8D061 /* BLHAppDelegate.m */,
			);
			path = AppDelegate;
			sourceTree = "<group>";
		};
		7E6F2470185F5C2600A8D061 /* Controllers */ = {
			isa = PBXGroup;
			children = (
				7EE3995C18962C7B0071C219 /* BLHLoginViewController.h */,
				7EE3995D18962C7B0071C219 /* BLHLoginViewController.m */,
				7E217E69186313E5002C6ECE /* BLHSideMenuViewController.h */,
				7E217E6A186313E5002C6ECE /* BLHSideMenuViewController.m */,
				7E6F2473185F5C2600A8D061 /* BLHMasterViewController.h */,
				7E6F2474185F5C2600A8D061 /* BLHMasterViewController.m */,
				7E217E6C18631529002C6ECE /* BLHMenuViewController.h */,
				7E217E6D18631529002C6ECE /* BLHMenuViewController.m */,
				7E217E79186325DB002C6ECE /* BLHMainNavViewController.h */,
				7E217E7A186325DB002C6ECE /* BLHMainNavViewController.m */,
				7ED5BE23189A375D00D7C334 /* BLHReplyMeViewController.h */,
				7ED5BE24189A375D00D7C334 /* BLHReplyMeViewController.m */,
				7E278FF9189BEDB3002D5EBA /* BLHThreadViewController.h */,
				7E278FFA189BEDB3002D5EBA /* BLHThreadViewController.m */,
				7E4255CA189E75E000264BC7 /* BLHBoardListViewController.h */,
				7E4255CB189E75E000264BC7 /* BLHBoardListViewController.m */,
				7E4255D918A4BE8300264BC7 /* BLHThreadListViewController.h */,
				7E4255DA18A4BE8300264BC7 /* BLHThreadListViewController.m */,
			);
			path = Controllers;
			sourceTree = "<group>";
		};
		7E6F2478185F5C2600A8D061 /* Helpers */ = {
			isa = PBXGroup;
			children = (
				7E4255D0189F6FEE00264BC7 /* UIView+AutoLayout.h */,
				7E4255D1189F6FEE00264BC7 /* UIView+AutoLayout.m */,
				7E217E8D1865337A002C6ECE /* BLHViewLoadHelper.h */,
				7E217E8E1865337A002C6ECE /* BLHViewLoadHelper.m */,
				7ED5BE1A1896B2AA00D7C334 /* BLHNetworkHelper.h */,
				7ED5BE1B1896B2AA00D7C334 /* BLHNetworkHelper.m */,
				7ED5BE29189A792900D7C334 /* BLHStringExtension.h */,
				7ED5BE2A189A792900D7C334 /* BLHStringExtension.m */,
				7ED5BE56189BD0BD00D7C334 /* BLHColorHelper.h */,
				7ED5BE57189BD0BD00D7C334 /* BLHColorHelper.m */,
				7E279005189D0A9E002D5EBA /* BLHHUDTableViewController.h */,
				7E279006189D0A9E002D5EBA /* BLHHUDTableViewController.m */,
				7E83B97B18AD2D3C0034DB4A /* BLHSearchDisplayController.h */,
				7E83B97C18AD2D3C0034DB4A /* BLHSearchDisplayController.m */,
			);
			path = Helpers;
			sourceTree = "<group>";
		};
		7E6F247A185F5C2600A8D061 /* Models */ = {
			isa = PBXGroup;
			children = (
				7E278FFC189C14DA002D5EBA /* ReplyToMeItem.h */,
				7E278FFD189C14DA002D5EBA /* ReplyToMeItem.m */,
				7ED5BE26189A700400D7C334 /* BLHTopTenParser.h */,
				7ED5BE27189A700400D7C334 /* BLHTopTenParser.m */,
				7E278FFF189CB8EC002D5EBA /* BLHTopTenItem.h */,
				7E279000189CB8EC002D5EBA /* BLHTopTenItem.m */,
				7E279014189D2714002D5EBA /* BLHContent.h */,
				7E279015189D2714002D5EBA /* BLHContent.m */,
				7E279017189D2B14002D5EBA /* BLHFile.h */,
				7E279018189D2B14002D5EBA /* BLHFile.m */,
				7E27901A189D2B2B002D5EBA /* BLHFileParser.h */,
				7E27901B189D2B2B002D5EBA /* BLHFileParser.m */,
				7E27901D189D35DC002D5EBA /* BLHArticle.h */,
				7E27901E189D35DC002D5EBA /* BLHArticle.m */,
				7E4255CD189E849E00264BC7 /* BLHBoard.h */,
				7E4255CE189E849E00264BC7 /* BLHBoard.m */,
				7E4255DC18A52A4500264BC7 /* BLHBoardArticle.h */,
				7E4255DD18A52A4500264BC7 /* BLHBoardArticle.m */,
			);
			path = Models;
			sourceTree = "<group>";
		};
		7E6F247B185F5C2600A8D061 /* Other Sources */ = {
			isa = PBXGroup;
			children = (
				7E6F24C5185F648D00A8D061 /* yssy-Info.plist */,
				7E6F247C185F5C2600A8D061 /* main.m */,
				7E6F247D185F5C2600A8D061 /* yssy-Prefix.pch */,
			);
			path = "Other Sources";
			sourceTree = "<group>";
		};
		7E6F247E185F5C2600A8D061 /* Resources */ = {
			isa = PBXGroup;
			children = (
				7E6F24A1185F5DBA00A8D061 /* Images.xcassets */,
				7E6F247F185F5C2600A8D061 /* Images */,
				7E6F2485185F5C2600A8D061 /* NIBs */,
				7E6F2487185F5C2600A8D061 /* Sounds */,
				7E6F2488185F5C2600A8D061 /* Strings */,
			);
			path = Resources;
			sourceTree = "<group>";
		};
		7E6F247F185F5C2600A8D061 /* Images */ = {
			isa = PBXGroup;
			children = (
				7ED5BE1F1899500000D7C334 /* blur.png */,
				7ED5BE201899500000D7C334 /* galaxy.png */,
				7E217E671862B673002C6ECE /* List44x44.png */,
				7E6F24A3185F5E5900A8D061 /* AppIcon29x29.png */,
				7E6F24A4185F5E5900A8D061 /* AppIcon29x29@2x.png */,
				7E6F24A5185F5E5900A8D061 /* AppIcon40x40.png */,
				7E6F24A6185F5E5900A8D061 /* AppIcon40x40@2x.png */,
				7E6F24A7185F5E5900A8D061 /* AppIcon50x50.png */,
				7E6F24A8185F5E5900A8D061 /* AppIcon50x50@2x.png */,
				7E6F24A9185F5E5900A8D061 /* AppIcon57x57.png */,
				7E6F24AA185F5E5900A8D061 /* AppIcon57x57@2x.png */,
				7E6F24AB185F5E5900A8D061 /* AppIcon60x60.png */,
				7E6F24AC185F5E5900A8D061 /* AppIcon60x60@2x.png */,
				7E6F24AD185F5E5900A8D061 /* AppIcon72x72.png */,
				7E6F24AE185F5E5900A8D061 /* AppIcon72x72@2x.png */,
				7E6F24AF185F5E5900A8D061 /* AppIcon76x76.png */,
				7E6F24B0185F5E5900A8D061 /* AppIcon76x76@2x.png */,
				7E6F24B1185F5E5900A8D061 /* iTunesArtwork.png */,
				7E6F24B2185F5E5900A8D061 /* iTunesArtwork@2x.png */,
			);
			path = Images;
			sourceTree = "<group>";
		};
		7E6F2485185F5C2600A8D061 /* NIBs */ = {
			isa = PBXGroup;
			children = (
			);
			path = NIBs;
			sourceTree = "<group>";
		};
		7E6F2487185F5C2600A8D061 /* Sounds */ = {
			isa = PBXGroup;
			children = (
			);
			path = Sounds;
			sourceTree = "<group>";
		};
		7E6F2488185F5C2600A8D061 /* Strings */ = {
			isa = PBXGroup;
			children = (
				7E6F2489185F5C2600A8D061 /* InfoPlist.strings */,
			);
			path = Strings;
			sourceTree = "<group>";
		};
		7E6F249E185F5DAD00A8D061 /* Views */ = {
			isa = PBXGroup;
			children = (
				7E27900E189D1402002D5EBA /* ContentCell */,
				7ED5BE4C189BBF6000D7C334 /* PaddingLabel */,
				7ED5BE46189B9D1B00D7C334 /* TopTenCell */,
				7E217E891865322B002C6ECE /* CircleLabelView */,
				7E6F249F185F5DAD00A8D061 /* MainStoryboard.storyboard */,
			);
			path = Views;
			sourceTree = "<group>";
		};
		7ED5BE46189B9D1B00D7C334 /* TopTenCell */ = {
			isa = PBXGroup;
			children = (
				7ED5BE47189B9DB700D7C334 /* TopTenCell.xib */,
				7ED5BE49189B9DDF00D7C334 /* BLHTopTenCell.h */,
				7ED5BE4A189B9DDF00D7C334 /* BLHTopTenCell.m */,
			);
			name = TopTenCell;
			sourceTree = "<group>";
		};
		7ED5BE4C189BBF6000D7C334 /* PaddingLabel */ = {
			isa = PBXGroup;
			children = (
				7ED5BE4D189BBF8900D7C334 /* BLHPaddingLabel.h */,
				7ED5BE4E189BBF8900D7C334 /* BLHPaddingLabel.m */,
			);
			name = PaddingLabel;
			sourceTree = "<group>";
		};
		ED13B3D516AC1A4A00B8E8A2 = {
			isa = PBXGroup;
			children = (
				ED13B41116AC1A4B00B8E8A2 /* yssyTests */,
				ED13B3E316AC1A4A00B8E8A2 /* Frameworks */,
				ED13B3E116AC1A4A00B8E8A2 /* Products */,
				7E6F246C185F5C2600A8D061 /* Classes */,
				7E6F247B185F5C2600A8D061 /* Other Sources */,
				7E6F247E185F5C2600A8D061 /* Resources */,
				0A28B8F1161840AD8E3A1D81 /* Pods.xcconfig */,
			);
			sourceTree = "<group>";
		};
		ED13B3E116AC1A4A00B8E8A2 /* Products */ = {
			isa = PBXGroup;
			children = (
				ED13B3E016AC1A4A00B8E8A2 /* 饮水思源.app */,
				ED13B40A16AC1A4B00B8E8A2 /* yssyTests.octest */,
			);
			name = Products;
			sourceTree = "<group>";
		};
		ED13B3E316AC1A4A00B8E8A2 /* Frameworks */ = {
			isa = PBXGroup;
			children = (
				7E279008189D132C002D5EBA /* CoreText.framework */,
				7ED5BE1D18994A6100D7C334 /* libxml2.dylib */,
				7E21C67218603824008B9C0D /* MessageUI.framework */,
				7E6F24C3185F643300A8D061 /* QuartzCore.framework */,
				ED13B3E416AC1A4A00B8E8A2 /* UIKit.framework */,
				ED13B3E616AC1A4A00B8E8A2 /* Foundation.framework */,
				ED13B3E816AC1A4A00B8E8A2 /* CoreGraphics.framework */,
				ED13B40B16AC1A4B00B8E8A2 /* SenTestingKit.framework */,
				E5255180A0FD4D36A1677979 /* libPods.a */,
			);
			name = Frameworks;
			sourceTree = "<group>";
		};
		ED13B41116AC1A4B00B8E8A2 /* yssyTests */ = {
			isa = PBXGroup;
			children = (
				ED13B41716AC1A4B00B8E8A2 /* yssyTests.h */,
				ED13B41816AC1A4B00B8E8A2 /* yssyTests.m */,
				ED13B41216AC1A4B00B8E8A2 /* Supporting Files */,
			);
			path = yssyTests;
			sourceTree = "<group>";
		};
		ED13B41216AC1A4B00B8E8A2 /* Supporting Files */ = {
			isa = PBXGroup;
			children = (
				ED13B41316AC1A4B00B8E8A2 /* yssyTests-Info.plist */,
				ED13B41416AC1A4B00B8E8A2 /* InfoPlist.strings */,
			);
			name = "Supporting Files";
			sourceTree = "<group>";
		};
/* End PBXGroup section */

/* Begin PBXNativeTarget section */
		ED13B3DF16AC1A4A00B8E8A2 /* 饮水思源 */ = {
			isa = PBXNativeTarget;
			buildConfigurationList = ED13B41C16AC1A4B00B8E8A2 /* Build configuration list for PBXNativeTarget "饮水思源" */;
			buildPhases = (
				D7640A289A30476AA37E5E0D /* Check Pods Manifest.lock */,
				ED13B3DC16AC1A4A00B8E8A2 /* Sources */,
				ED13B3DD16AC1A4A00B8E8A2 /* Frameworks */,
				ED13B3DE16AC1A4A00B8E8A2 /* Resources */,
				8A55C02BEED1462C861F4ED4 /* Copy Pods Resources */,
			);
			buildRules = (
			);
			dependencies = (
			);
			name = "饮水思源";
			productName = yssy;
			productReference = ED13B3E016AC1A4A00B8E8A2 /* 饮水思源.app */;
			productType = "com.apple.product-type.application";
		};
		ED13B40916AC1A4B00B8E8A2 /* yssyTests */ = {
			isa = PBXNativeTarget;
			buildConfigurationList = ED13B41F16AC1A4B00B8E8A2 /* Build configuration list for PBXNativeTarget "yssyTests" */;
			buildPhases = (
				ED13B40516AC1A4B00B8E8A2 /* Sources */,
				ED13B40616AC1A4B00B8E8A2 /* Frameworks */,
				ED13B40716AC1A4B00B8E8A2 /* Resources */,
				ED13B40816AC1A4B00B8E8A2 /* ShellScript */,
			);
			buildRules = (
			);
			dependencies = (
				ED13B41016AC1A4B00B8E8A2 /* PBXTargetDependency */,
			);
			name = yssyTests;
			productName = yssyTests;
			productReference = ED13B40A16AC1A4B00B8E8A2 /* yssyTests.octest */;
			productType = "com.apple.product-type.bundle";
		};
/* End PBXNativeTarget section */

/* Begin PBXProject section */
		ED13B3D716AC1A4A00B8E8A2 /* Project object */ = {
			isa = PBXProject;
			attributes = {
				CLASSPREFIX = BLH;
				LastUpgradeCheck = 0450;
				ORGANIZATIONNAME = "Rurui Ye";
			};
			buildConfigurationList = ED13B3DA16AC1A4A00B8E8A2 /* Build configuration list for PBXProject "yssy" */;
			compatibilityVersion = "Xcode 3.2";
			developmentRegion = English;
			hasScannedForEncodings = 0;
			knownRegions = (
				en,
			);
			mainGroup = ED13B3D516AC1A4A00B8E8A2;
			productRefGroup = ED13B3E116AC1A4A00B8E8A2 /* Products */;
			projectDirPath = "";
			projectRoot = "";
			targets = (
				ED13B3DF16AC1A4A00B8E8A2 /* 饮水思源 */,
				ED13B40916AC1A4B00B8E8A2 /* yssyTests */,
			);
		};
/* End PBXProject section */

/* Begin PBXResourcesBuildPhase section */
		ED13B3DE16AC1A4A00B8E8A2 /* Resources */ = {
			isa = PBXResourcesBuildPhase;
			buildActionMask = 2147483647;
			files = (
				7E6F24BA185F5E5900A8D061 /* AppIcon57x57@2x.png in Resources */,
				7E6F24A2185F5DBA00A8D061 /* Images.xcassets in Resources */,
				7E6F24B6185F5E5900A8D061 /* AppIcon40x40@2x.png in Resources */,
				7E6F24BE185F5E5900A8D061 /* AppIcon72x72@2x.png in Resources */,
				7E279013189D1465002D5EBA /* BLHContentCell.xib in Resources */,
				7E6F2498185F5C2600A8D061 /* InfoPlist.strings in Resources */,
				7E6F24B5185F5E5900A8D061 /* AppIcon40x40.png in Resources */,
				7E6F24B7185F5E5900A8D061 /* AppIcon50x50.png in Resources */,
				7E6F24B4185F5E5900A8D061 /* AppIcon29x29@2x.png in Resources */,
				7E217E881864951C002C6ECE /* CircleLabelView.xib in Resources */,
				7E6F24BC185F5E5900A8D061 /* AppIcon60x60@2x.png in Resources */,
				7ED5BE221899500000D7C334 /* galaxy.png in Resources */,
				7ED5BE211899500000D7C334 /* blur.png in Resources */,
				7E6F24BF185F5E5900A8D061 /* AppIcon76x76.png in Resources */,
				7E6F24BD185F5E5900A8D061 /* AppIcon72x72.png in Resources */,
				7E6F24A0185F5DAD00A8D061 /* MainStoryboard.storyboard in Resources */,
				7E6F24B8185F5E5900A8D061 /* AppIcon50x50@2x.png in Resources */,
				7E217E681862B673002C6ECE /* List44x44.png in Resources */,
				7ED5BE48189B9DB700D7C334 /* TopTenCell.xib in Resources */,
				7E6F24B9185F5E5900A8D061 /* AppIcon57x57.png in Resources */,
				7E6F24B3185F5E5900A8D061 /* AppIcon29x29.png in Resources */,
				7E6F24C0185F5E5900A8D061 /* AppIcon76x76@2x.png in Resources */,
				7E6F24BB185F5E5900A8D061 /* AppIcon60x60.png in Resources */,
				7E6F24C2185F5E5900A8D061 /* iTunesArtwork@2x.png in Resources */,
				7E6F24C1185F5E5900A8D061 /* iTunesArtwork.png in Resources */,
			);
			runOnlyForDeploymentPostprocessing = 0;
		};
		ED13B40716AC1A4B00B8E8A2 /* Resources */ = {
			isa = PBXResourcesBuildPhase;
			buildActionMask = 2147483647;
			files = (
				ED13B41616AC1A4B00B8E8A2 /* InfoPlist.strings in Resources */,
			);
			runOnlyForDeploymentPostprocessing = 0;
		};
/* End PBXResourcesBuildPhase section */

/* Begin PBXShellScriptBuildPhase section */
		8A55C02BEED1462C861F4ED4 /* Copy Pods Resources */ = {
			isa = PBXShellScriptBuildPhase;
			buildActionMask = 2147483647;
			files = (
			);
			inputPaths = (
			);
			name = "Copy Pods Resources";
			outputPaths = (
			);
			runOnlyForDeploymentPostprocessing = 0;
			shellPath = /bin/sh;
			shellScript = "\"${SRCROOT}/Pods/Pods-resources.sh\"\n";
			showEnvVarsInLog = 0;
		};
		D7640A289A30476AA37E5E0D /* Check Pods Manifest.lock */ = {
			isa = PBXShellScriptBuildPhase;
			buildActionMask = 2147483647;
			files = (
			);
			inputPaths = (
			);
			name = "Check Pods Manifest.lock";
			outputPaths = (
			);
			runOnlyForDeploymentPostprocessing = 0;
			shellPath = /bin/sh;
			shellScript = "diff \"${PODS_ROOT}/../Podfile.lock\" \"${PODS_ROOT}/Manifest.lock\" > /dev/null\nif [[ $? != 0 ]] ; then\n    cat << EOM\nerror: The sandbox is not in sync with the Podfile.lock. Run 'pod install' or update your CocoaPods installation.\nEOM\n    exit 1\nfi\n";
			showEnvVarsInLog = 0;
		};
		ED13B40816AC1A4B00B8E8A2 /* ShellScript */ = {
			isa = PBXShellScriptBuildPhase;
			buildActionMask = 2147483647;
			files = (
			);
			inputPaths = (
			);
			outputPaths = (
			);
			runOnlyForDeploymentPostprocessing = 0;
			shellPath = /bin/sh;
			shellScript = "# Run the unit tests in this test bundle.\n\"${SYSTEM_DEVELOPER_DIR}/Tools/RunUnitTests\"\n";
		};
/* End PBXShellScriptBuildPhase section */

/* Begin PBXSourcesBuildPhase section */
		ED13B3DC16AC1A4A00B8E8A2 /* Sources */ = {
			isa = PBXSourcesBuildPhase;
			buildActionMask = 2147483647;
			files = (
				7E4255CF189E849E00264BC7 /* BLHBoard.m in Sources */,
				7E4255CC189E75E000264BC7 /* BLHBoardListViewController.m in Sources */,
				7E279016189D2714002D5EBA /* BLHContent.m in Sources */,
				7E83B97D18AD2D3C0034DB4A /* BLHSearchDisplayController.m in Sources */,
				7ED5BE4F189BBF8900D7C334 /* BLHPaddingLabel.m in Sources */,
				7E6F2491185F5C2600A8D061 /* main.m in Sources */,
				7E217E6B186313E5002C6ECE /* BLHSideMenuViewController.m in Sources */,
				7ED5BE28189A700400D7C334 /* BLHTopTenParser.m in Sources */,
				7ED5BE58189BD0BD00D7C334 /* BLHColorHelper.m in Sources */,
				7E6F248E185F5C2600A8D061 /* BLHMasterViewController.m in Sources */,
				7E6F248C185F5C2600A8D061 /* BLHAppDelegate.m in Sources */,
				7E278FFE189C14DA002D5EBA /* ReplyToMeItem.m in Sources */,
				7E27901F189D35DC002D5EBA /* BLHArticle.m in Sources */,
				7E4255DE18A52A4500264BC7 /* BLHBoardArticle.m in Sources */,
				7E278FFB189BEDB3002D5EBA /* BLHThreadViewController.m in Sources */,
				7E279019189D2B14002D5EBA /* BLHFile.m in Sources */,
				7E217E7B186325DB002C6ECE /* BLHMainNavViewController.m in Sources */,
				7ED5BE25189A375D00D7C334 /* BLHReplyMeViewController.m in Sources */,
				7E217E6E18631529002C6ECE /* BLHMenuViewController.m in Sources */,
				7E279011189D1435002D5EBA /* BLHContentCell.m in Sources */,
				7E279007189D0A9E002D5EBA /* BLHHUDTableViewController.m in Sources */,
				7E279001189CB8EC002D5EBA /* BLHTopTenItem.m in Sources */,
				7E27901C189D2B2B002D5EBA /* BLHFileParser.m in Sources */,
				7E4255DB18A4BE8300264BC7 /* BLHThreadListViewController.m in Sources */,
				7EE3995E18962C7B0071C219 /* BLHLoginViewController.m in Sources */,
				7ED5BE4B189B9DDF00D7C334 /* BLHTopTenCell.m in Sources */,
				7E4255D2189F6FEE00264BC7 /* UIView+AutoLayout.m in Sources */,
				7ED5BE2B189A792900D7C334 /* BLHStringExtension.m in Sources */,
				7ED5BE1C1896B2AA00D7C334 /* BLHNetworkHelper.m in Sources */,
				7E4255D518A376FF00264BC7 /* BLHCircleView.m in Sources */,
				7E217E8F1865337A002C6ECE /* BLHViewLoadHelper.m in Sources */,
			);
			runOnlyForDeploymentPostprocessing = 0;
		};
		ED13B40516AC1A4B00B8E8A2 /* Sources */ = {
			isa = PBXSourcesBuildPhase;
			buildActionMask = 2147483647;
			files = (
				ED13B41916AC1A4B00B8E8A2 /* yssyTests.m in Sources */,
			);
			runOnlyForDeploymentPostprocessing = 0;
		};
/* End PBXSourcesBuildPhase section */

/* Begin PBXTargetDependency section */
		ED13B41016AC1A4B00B8E8A2 /* PBXTargetDependency */ = {
			isa = PBXTargetDependency;
			target = ED13B3DF16AC1A4A00B8E8A2 /* 饮水思源 */;
			targetProxy = ED13B40F16AC1A4B00B8E8A2 /* PBXContainerItemProxy */;
		};
/* End PBXTargetDependency section */

/* Begin PBXVariantGroup section */
		7E6F2489185F5C2600A8D061 /* InfoPlist.strings */ = {
			isa = PBXVariantGroup;
			children = (
				7E6F248A185F5C2600A8D061 /* en */,
			);
			name = InfoPlist.strings;
			sourceTree = "<group>";
		};
		ED13B41416AC1A4B00B8E8A2 /* InfoPlist.strings */ = {
			isa = PBXVariantGroup;
			children = (
				ED13B41516AC1A4B00B8E8A2 /* en */,
			);
			name = InfoPlist.strings;
			sourceTree = "<group>";
		};
/* End PBXVariantGroup section */

/* Begin XCBuildConfiguration section */
		ED13B41A16AC1A4B00B8E8A2 /* Debug */ = {
			isa = XCBuildConfiguration;
			buildSettings = {
				ALWAYS_SEARCH_USER_PATHS = NO;
				CLANG_CXX_LANGUAGE_STANDARD = "gnu++0x";
				CLANG_CXX_LIBRARY = "libc++";
				CLANG_ENABLE_OBJC_ARC = YES;
				CLANG_WARN_EMPTY_BODY = YES;
				CLANG_WARN__DUPLICATE_METHOD_MATCH = YES;
				"CODE_SIGN_IDENTITY[sdk=iphoneos*]" = "iPhone Developer";
				COPY_PHASE_STRIP = NO;
				GCC_C_LANGUAGE_STANDARD = gnu99;
				GCC_DYNAMIC_NO_PIC = NO;
				GCC_OPTIMIZATION_LEVEL = 0;
				GCC_PREPROCESSOR_DEFINITIONS = (
					"DEBUG=1",
					"$(inherited)",
				);
				GCC_SYMBOLS_PRIVATE_EXTERN = NO;
				GCC_WARN_ABOUT_RETURN_TYPE = YES;
				GCC_WARN_UNINITIALIZED_AUTOS = YES;
				GCC_WARN_UNUSED_VARIABLE = YES;
				HEADER_SEARCH_PATHS = (
					"$(inherited)",
					/Applications/Xcode.app/Contents/Developer/Toolchains/XcodeDefault.xctoolchain/usr/include,
					"$(SDKROOT)/usr/include/libxml2",
				);
				IPHONEOS_DEPLOYMENT_TARGET = 6.0;
				ONLY_ACTIVE_ARCH = YES;
				SDKROOT = iphoneos;
			};
			name = Debug;
		};
		ED13B41B16AC1A4B00B8E8A2 /* Release */ = {
			isa = XCBuildConfiguration;
			buildSettings = {
				ALWAYS_SEARCH_USER_PATHS = NO;
				CLANG_CXX_LANGUAGE_STANDARD = "gnu++0x";
				CLANG_CXX_LIBRARY = "libc++";
				CLANG_ENABLE_OBJC_ARC = YES;
				CLANG_WARN_EMPTY_BODY = YES;
				CLANG_WARN__DUPLICATE_METHOD_MATCH = YES;
				"CODE_SIGN_IDENTITY[sdk=iphoneos*]" = "iPhone Developer";
				COPY_PHASE_STRIP = YES;
				GCC_C_LANGUAGE_STANDARD = gnu99;
				GCC_WARN_ABOUT_RETURN_TYPE = YES;
				GCC_WARN_UNINITIALIZED_AUTOS = YES;
				GCC_WARN_UNUSED_VARIABLE = YES;
				HEADER_SEARCH_PATHS = (
					"$(inherited)",
					/Applications/Xcode.app/Contents/Developer/Toolchains/XcodeDefault.xctoolchain/usr/include,
					"$(SDKROOT)/usr/include/libxml2",
				);
				IPHONEOS_DEPLOYMENT_TARGET = 6.0;
				OTHER_CFLAGS = "-DNS_BLOCK_ASSERTIONS=1";
				SDKROOT = iphoneos;
				VALIDATE_PRODUCT = YES;
			};
			name = Release;
		};
		ED13B41D16AC1A4B00B8E8A2 /* Debug */ = {
			isa = XCBuildConfiguration;
			baseConfigurationReference = 0A28B8F1161840AD8E3A1D81 /* Pods.xcconfig */;
			buildSettings = {
				ASSETCATALOG_COMPILER_APPICON_NAME = AppIcon;
				ASSETCATALOG_COMPILER_LAUNCHIMAGE_NAME = LaunchImage;
				GCC_PRECOMPILE_PREFIX_HEADER = YES;
				GCC_PREFIX_HEADER = "Other Sources/yssy-Prefix.pch";
				HEADER_SEARCH_PATHS = (
					"\"${PODS_ROOT}/Headers\"",
					"\"${PODS_ROOT}/Headers/AFNetworking\"",
					"\"${PODS_ROOT}/Headers/BlocksKit\"",
					"\"${PODS_ROOT}/Headers/ConciseKit\"",
					"\"${PODS_ROOT}/Headers/MBProgressHUD\"",
					"\"${PODS_ROOT}/Headers/MagicalRecord\"",
					"\"${PODS_ROOT}/Headers/Reachability\"",
					"\"${PODS_ROOT}/Headers/SFHFKeychainUtils\"",
					"\"${PODS_ROOT}/Headers/UMengSocial\"",
					"\"${PODS_ROOT}/Headers/hpple\"",
					"\"${PODS_ROOT}/Headers/iOS7Colors\"",
					"\"${PODS_ROOT}/Headers/libffi\"",
					"\"$(SDKROOT)/usr/include/libxml2\"",
				);
				INFOPLIST_FILE = "$(SRCROOT)/yssy-Info.plist";
				IPHONEOS_DEPLOYMENT_TARGET = 7.0;
				OTHER_LDFLAGS = (
					"-ObjC",
					"-Wl,-no_compact_unwind",
					"-lUMSocial_Sdk_3.1",
					"-lUMSocial_Sdk_Comment_3.1",
					"-lWeChatSDK",
					"-liconv",
					"-lsqlite3",
					"-lstdc++",
					"-lz",
					"-framework",
					CoreData,
					"-framework",
					CoreGraphics,
					"-framework",
					CoreTelephony,
					"-framework",
					Foundation,
					"-framework",
					MessageUI,
					"-framework",
					MobileCoreServices,
					"-framework",
					Security,
					"-framework",
					SystemConfiguration,
					"-framework",
					TencentOpenAPI,
					"-all_load",
					"-ObjC",
				);
				PRODUCT_NAME = "$(TARGET_NAME)";
				WRAPPER_EXTENSION = app;
			};
			name = Debug;
		};
		ED13B41E16AC1A4B00B8E8A2 /* Release */ = {
			isa = XCBuildConfiguration;
			baseConfigurationReference = 0A28B8F1161840AD8E3A1D81 /* Pods.xcconfig */;
			buildSettings = {
				ASSETCATALOG_COMPILER_APPICON_NAME = AppIcon;
				ASSETCATALOG_COMPILER_LAUNCHIMAGE_NAME = LaunchImage;
				GCC_PRECOMPILE_PREFIX_HEADER = YES;
				GCC_PREFIX_HEADER = "Other Sources/yssy-Prefix.pch";
				HEADER_SEARCH_PATHS = (
					"\"${PODS_ROOT}/Headers\"",
					"\"${PODS_ROOT}/Headers/AFNetworking\"",
					"\"${PODS_ROOT}/Headers/BlocksKit\"",
					"\"${PODS_ROOT}/Headers/ConciseKit\"",
					"\"${PODS_ROOT}/Headers/MBProgressHUD\"",
					"\"${PODS_ROOT}/Headers/MagicalRecord\"",
					"\"${PODS_ROOT}/Headers/Reachability\"",
					"\"${PODS_ROOT}/Headers/SFHFKeychainUtils\"",
					"\"${PODS_ROOT}/Headers/UMengSocial\"",
					"\"${PODS_ROOT}/Headers/hpple\"",
					"\"${PODS_ROOT}/Headers/iOS7Colors\"",
					"\"${PODS_ROOT}/Headers/libffi\"",
					"\"$(SDKROOT)/usr/include/libxml2\"",
				);
				INFOPLIST_FILE = "$(SRCROOT)/yssy-Info.plist";
				IPHONEOS_DEPLOYMENT_TARGET = 7.0;
				OTHER_LDFLAGS = (
					"-ObjC",
					"-Wl,-no_compact_unwind",
					"-lUMSocial_Sdk_3.1",
					"-lUMSocial_Sdk_Comment_3.1",
					"-lWeChatSDK",
					"-liconv",
					"-lsqlite3",
					"-lstdc++",
					"-lz",
					"-framework",
					CoreData,
					"-framework",
					CoreGraphics,
					"-framework",
					CoreTelephony,
					"-framework",
					Foundation,
					"-framework",
					MessageUI,
					"-framework",
					MobileCoreServices,
					"-framework",
					Security,
					"-framework",
					SystemConfiguration,
					"-framework",
					TencentOpenAPI,
					"-all_load",
					"-ObjC",
				);
				PRODUCT_NAME = "$(TARGET_NAME)";
				WRAPPER_EXTENSION = app;
			};
			name = Release;
		};
		ED13B42016AC1A4B00B8E8A2 /* Debug */ = {
			isa = XCBuildConfiguration;
			buildSettings = {
				BUNDLE_LOADER = "$(BUILT_PRODUCTS_DIR)/yssy.app/yssy";
				FRAMEWORK_SEARCH_PATHS = (
					"\"$(SDKROOT)/Developer/Library/Frameworks\"",
					"\"$(DEVELOPER_LIBRARY_DIR)/Frameworks\"",
				);
				GCC_PRECOMPILE_PREFIX_HEADER = YES;
				GCC_PREFIX_HEADER = "yssy/yssy-Prefix.pch";
				INFOPLIST_FILE = "yssyTests/yssyTests-Info.plist";
				PRODUCT_NAME = "$(TARGET_NAME)";
				TEST_HOST = "$(BUNDLE_LOADER)";
				WRAPPER_EXTENSION = octest;
			};
			name = Debug;
		};
		ED13B42116AC1A4B00B8E8A2 /* Release */ = {
			isa = XCBuildConfiguration;
			buildSettings = {
				BUNDLE_LOADER = "$(BUILT_PRODUCTS_DIR)/yssy.app/yssy";
				FRAMEWORK_SEARCH_PATHS = (
					"\"$(SDKROOT)/Developer/Library/Frameworks\"",
					"\"$(DEVELOPER_LIBRARY_DIR)/Frameworks\"",
				);
				GCC_PRECOMPILE_PREFIX_HEADER = YES;
				GCC_PREFIX_HEADER = "yssy/yssy-Prefix.pch";
				INFOPLIST_FILE = "yssyTests/yssyTests-Info.plist";
				PRODUCT_NAME = "$(TARGET_NAME)";
				TEST_HOST = "$(BUNDLE_LOADER)";
				WRAPPER_EXTENSION = octest;
			};
			name = Release;
		};
/* End XCBuildConfiguration section */

/* Begin XCConfigurationList section */
		ED13B3DA16AC1A4A00B8E8A2 /* Build configuration list for PBXProject "yssy" */ = {
			isa = XCConfigurationList;
			buildConfigurations = (
				ED13B41A16AC1A4B00B8E8A2 /* Debug */,
				ED13B41B16AC1A4B00B8E8A2 /* Release */,
			);
			defaultConfigurationIsVisible = 0;
			defaultConfigurationName = Release;
		};
		ED13B41C16AC1A4B00B8E8A2 /* Build configuration list for PBXNativeTarget "饮水思源" */ = {
			isa = XCConfigurationList;
			buildConfigurations = (
				ED13B41D16AC1A4B00B8E8A2 /* Debug */,
				ED13B41E16AC1A4B00B8E8A2 /* Release */,
			);
			defaultConfigurationIsVisible = 0;
			defaultConfigurationName = Release;
		};
		ED13B41F16AC1A4B00B8E8A2 /* Build configuration list for PBXNativeTarget "yssyTests" */ = {
			isa = XCConfigurationList;
			buildConfigurations = (
				ED13B42016AC1A4B00B8E8A2 /* Debug */,
				ED13B42116AC1A4B00B8E8A2 /* Release */,
			);
			defaultConfigurationIsVisible = 0;
			defaultConfigurationName = Release;
		};
/* End XCConfigurationList section */
	};
	rootObject = ED13B3D716AC1A4A00B8E8A2 /* Project object */;
}
